
Microsoft Visual Studio Solution File, Format Version 12.00
# Visual Studio Version 17
VisualStudioVersion = 17.2.32630.192
MinimumVisualStudioVersion = 10.0.40219.1
Project("{FAE04EC0-301F-11D3-BF4B-00C04F79EFBC}") = "Hakan.ConsoleApp.BtcMine", "Hakan.ConsoleApp.BtcMine\Hakan.ConsoleApp.BtcMine.csproj", "{AD31F0F1-F0F1-41BF-BEBF-F5998FEBC052}"
EndProject
Project("{8BC9CEB8-8B4A-11D0-8D11-00A0C91BC942}") = "Hakan.BtcMiner", "Hakan.BtcMiner\Hakan.BtcMiner.vcxproj", "{875EFB0C-62B2-4292-B46A-736009D0B0EE}"
EndProject
Global
	GlobalSection(SolutionConfigurationPlatforms) = preSolution
		Debug|Any CPU = Debug|Any CPU
		Debug|x64 = Debug|x64
		Release|Any CPU = Release|Any CPU
		Release|x64 = Release|x64
	EndGlobalSection
	GlobalSection(ProjectConfigurationPlatforms) = postSolution
		{AD31F0F1-F0F1-41BF-BEBF-F5998FEBC052}.Debug|Any CPU.ActiveCfg = Debug|Any CPU
		{AD31F0F1-F0F1-41BF-BEBF-F5998FEBC052}.Debug|Any CPU.Build.0 = Debug|Any CPU
		{AD31F0F1-F0F1-41BF-BEBF-F5998FEBC052}.Debug|x64.ActiveCfg = Debug|Any CPU
		{AD31F0F1-F0F1-41BF-BEBF-F5998FEBC052}.Debug|x64.Build.0 = Debug|Any CPU
		{AD31F0F1-F0F1-41BF-BEBF-F5998FEBC052}.Release|Any CPU.ActiveCfg = Release|Any CPU
		{AD31F0F1-F0F1-41BF-BEBF-F5998FEBC052}.Release|Any CPU.Build.0 = Release|Any CPU
		{AD31F0F1-F0F1-41BF-BEBF-F5998FEBC052}.Release|x64.ActiveCfg = Release|Any CPU
		{AD31F0F1-F0F1-41BF-BEBF-F5998FEBC052}.Release|x64.Build.0 = Release|Any CPU
		{875EFB0C-62B2-4292-B46A-736009D0B0EE}.Debug|Any CPU.ActiveCfg = Debug|x64
		{875EFB0C-62B2-4292-B46A-736009D0B0EE}.Debug|Any CPU.Build.0 = Debug|x64
		{875EFB0C-62B2-4292-B46A-736009D0B0EE}.Debug|x64.ActiveCfg = Debug|x64
		{875EFB0C-62B2-4292-B46A-736009D0B0EE}.Debug|x64.Build.0 = Debug|x64
		{875EFB0C-62B2-4292-B46A-736009D0B0EE}.Release|Any CPU.ActiveCfg = Release|x64
		{875EFB0C-62B2-4292-B46A-736009D0B0EE}.Release|Any CPU.Build.0 = Release|x64
		{875EFB0C-62B2-4292-B46A-736009D0B0EE}.Release|x64.ActiveCfg = Release|x64
		{875EFB0C-62B2-4292-B46A-736009D0B0EE}.Release|x64.Build.0 = Release|x64
	EndGlobalSection
	GlobalSection(SolutionProperties) = preSolution
		HideSolutionNode = FALSE
	EndGlobalSection
	GlobalSection(ExtensibilityGlobals) = postSolution
		SolutionGuid = {018A41C7-572B-4E25-BB3D-90DC499B07B7}
	EndGlobalSection
EndGlobal
